
Microsoft Visual Studio Solution File, Format Version 12.00
# Visual Studio 15
VisualStudioVersion = 15.0.28307.438
MinimumVisualStudioVersion = 10.0.40219.1
Project("{E24C65DC-7377-472B-9ABA-BC803B73C61A}") = "imdb2", "imdb2\", "{8595AA5E-6D87-4B54-A0AE-EEA44145929B}"
	ProjectSection(WebsiteProperties) = preProject
		TargetFrameworkMoniker = ".NETFramework,Version%3Dv4.6.1"
		Debug.AspNetCompiler.VirtualPath = "/localhost_54463"
		Debug.AspNetCompiler.PhysicalPath = "imdb2\"
		Debug.AspNetCompiler.TargetPath = "PrecompiledWeb\localhost_54463\"
		Debug.AspNetCompiler.Updateable = "true"
		Debug.AspNetCompiler.ForceOverwrite = "true"
		Debug.AspNetCompiler.FixedNames = "false"
		Debug.AspNetCompiler.Debug = "True"
		Release.AspNetCompiler.VirtualPath = "/localhost_54463"
		Release.AspNetCompiler.PhysicalPath = "imdb2\"
		Release.AspNetCompiler.TargetPath = "PrecompiledWeb\localhost_54463\"
		Release.AspNetCompiler.Updateable = "true"
		Release.AspNetCompiler.ForceOverwrite = "true"
		Release.AspNetCompiler.FixedNames = "false"
		Release.AspNetCompiler.Debug = "False"
		VWDPort = "54463"
		SlnRelativePath = "imdb2\"
		DefaultWebSiteLanguage = "Visual C#"
	EndProjectSection
EndProject
Global
	GlobalSection(SolutionConfigurationPlatforms) = preSolution
		Debug|Any CPU = Debug|Any CPU
	EndGlobalSection
	GlobalSection(ProjectConfigurationPlatforms) = postSolution
		{8595AA5E-6D87-4B54-A0AE-EEA44145929B}.Debug|Any CPU.ActiveCfg = Debug|Any CPU
		{8595AA5E-6D87-4B54-A0AE-EEA44145929B}.Debug|Any CPU.Build.0 = Debug|Any CPU
	EndGlobalSection
	GlobalSection(SolutionProperties) = preSolution
		HideSolutionNode = FALSE
	EndGlobalSection
	GlobalSection(ExtensibilityGlobals) = postSolution
		SolutionGuid = {5EAA566B-8882-435B-9CF1-1B3F7A44567E}
	EndGlobalSection
EndGlobal
